Microsoft Visual Studio Solution File, Format Version 12.00
# Visual Studio Version 17
VisualStudioVersion = 17.5.2.0
MinimumVisualStudioVersion = 10.0.40219.1
Project("{FAE04EC0-301F-11D3-BF4B-00C04F79EFBC}") = "ONGNET", "ONGNET.csproj", "{AA3B2EF9-7A63-997E-ED15-1F315F2CBB86}"
EndProject
Global
	GlobalSection(SolutionConfigurationPlatforms) = preSolution
		Debug|Any CPU = Debug|Any CPU
		Release|Any CPU = Release|Any CPU
	EndGlobalSection
	GlobalSection(ProjectConfigurationPlatforms) = postSolution
		{AA3B2EF9-7A63-997E-ED15-1F315F2CBB86}.Debug|Any CPU.ActiveCfg = Debug|Any CPU
		{AA3B2EF9-7A63-997E-ED15-1F315F2CBB86}.Debug|Any CPU.Build.0 = Debug|Any CPU
		{AA3B2EF9-7A63-997E-ED15-1F315F2CBB86}.Release|Any CPU.ActiveCfg = Release|Any CPU
		{AA3B2EF9-7A63-997E-ED15-1F315F2CBB86}.Release|Any CPU.Build.0 = Release|Any CPU
	EndGlobalSection
	GlobalSection(SolutionProperties) = preSolution
		HideSolutionNode = FALSE
	EndGlobalSection
	GlobalSection(ExtensibilityGlobals) = postSolution
		SolutionGuid = {C7794EBB-4448-4BA6-83A1-35771C86AAAC}
	EndGlobalSection
EndGlobal
